
Microsoft Visual Studio Solution File, Format Version 11.00
# Visual Studio 2010
Project("{FAE04EC0-301F-11D3-BF4B-00C04F79EFBC}") = "Spherical Adventures 2", "Assembly-CSharp.csproj", "{36D736F5-56D6-8614-BD30-B2F7CF8323A4}"
EndProject
Global
	GlobalSection(SolutionConfigurationPlatforms) = preSolution
		Debug|Any CPU = Debug|Any CPU
		Release|Any CPU = Release|Any CPU
	EndGlobalSection
	GlobalSection(ProjectConfigurationPlatforms) = postSolution
		{36D736F5-56D6-8614-BD30-B2F7CF8323A4}.Debug|Any CPU.ActiveCfg = Debug|Any CPU
		{36D736F5-56D6-8614-BD30-B2F7CF8323A4}.Debug|Any CPU.Build.0 = Debug|Any CPU
		{36D736F5-56D6-8614-BD30-B2F7CF8323A4}.Release|Any CPU.ActiveCfg = Release|Any CPU
		{36D736F5-56D6-8614-BD30-B2F7CF8323A4}.Release|Any CPU.Build.0 = Release|Any CPU
	EndGlobalSection
	GlobalSection(SolutionProperties) = preSolution
		HideSolutionNode = FALSE
	EndGlobalSection
	GlobalSection(MonoDevelopProperties) = preSolution
		StartupItem = Assembly-CSharp.csproj
	EndGlobalSection
EndGlobal
